// !$*UTF8*$!
{
	archiveVersion = 1;
	classes = {
	};
	objectVersion = 50;
	objects = {

/* Begin PBXBuildFile section */
		EB534F12253CBA63006F1BF9 /* AppDelegate.swift in Sources */ = {isa = PBXBuildFile; fileRef = EB534F11253CBA63006F1BF9 /* AppDelegate.swift */; };
		EB534F14253CBA63006F1BF9 /* SceneDelegate.swift in Sources */ = {isa = PBXBuildFile; fileRef = EB534F13253CBA63006F1BF9 /* SceneDelegate.swift */; };
		EB534F16253CBA63006F1BF9 /* ContentView.swift in Sources */ = {isa = PBXBuildFile; fileRef = EB534F15253CBA63006F1BF9 /* ContentView.swift */; };
		EB534F19253CBA63006F1BF9 /* Rona_Tracker.xcdatamodeld in Sources */ = {isa = PBXBuildFile; fileRef = EB534F17253CBA63006F1BF9 /* Rona_Tracker.xcdatamodeld */; };
		EB534F1B253CBA66006F1BF9 /* Assets.xcassets in Resources */ = {isa = PBXBuildFile; fileRef = EB534F1A253CBA66006F1BF9 /* Assets.xcassets */; };
		EB534F1E253CBA66006F1BF9 /* Preview Assets.xcassets in Resources */ = {isa = PBXBuildFile; fileRef = EB534F1D253CBA66006F1BF9 /* Preview Assets.xcassets */; };
		EB534F21253CBA66006F1BF9 /* LaunchScreen.storyboard in Resources */ = {isa = PBXBuildFile; fileRef = EB534F1F253CBA66006F1BF9 /* LaunchScreen.storyboard */; };
/* End PBXBuildFile section */

/* Begin PBXFileReference section */
		EB534F0E253CBA63006F1BF9 /* Rona Tracker.app */ = {isa = PBXFileReference; explicitFileType = wrapper.application; includeInIndex = 0; path = "Rona Tracker.app"; sourceTree = BUILT_PRODUCTS_DIR; };
		EB534F11253CBA63006F1BF9 /* AppDelegate.swift */ = {isa = PBXFileReference; lastKnownFileType = sourcecode.swift; path = AppDelegate.swift; sourceTree = "<group>"; };
		EB534F13253CBA63006F1BF9 /* SceneDelegate.swift */ = {isa = PBXFileReference; lastKnownFileType = sourcecode.swift; path = SceneDelegate.swift; sourceTree = "<group>"; };
		EB534F15253CBA63006F1BF9 /* ContentView.swift */ = {isa = PBXFileReference; lastKnownFileType = sourcecode.swift; path = ContentView.swift; sourceTree = "<group>"; };
		EB534F18253CBA63006F1BF9 /* Rona_Tracker.xcdatamodel */ = {isa = PBXFileReference; lastKnownFileType = wrapper.xcdatamodel; path = Rona_Tracker.xcdatamodel; sourceTree = "<group>"; };
		EB534F1A253CBA66006F1BF9 /* Assets.xcassets */ = {isa = PBXFileReference; lastKnownFileType = folder.assetcatalog; path = Assets.xcassets; sourceTree = "<group>"; };
		EB534F1D253CBA66006F1BF9 /* Preview Assets.xcassets */ = {isa = PBXFileReference; lastKnownFileType = folder.assetcatalog; path = "Preview Assets.xcassets"; sourceTree = "<group>"; };
		EB534F20253CBA66006F1BF9 /* Base */ = {isa = PBXFileReference; lastKnownFileType = file.storyboard; name = Base; path = Base.lproj/LaunchScreen.storyboard; sourceTree = "<group>"; };
		EB534F22253CBA66006F1BF9 /* Info.plist */ = {isa = PBXFileReference; lastKnownFileType = text.plist.xml; path = Info.plist; sourceTree = "<group>"; };
/* End PBXFileReference section */

/* Begin PBXFrameworksBuildPhase section */
		EB534F0B253CBA63006F1BF9 /* Frameworks */ = {
			isa = PBXFrameworksBuildPhase;
			buildActionMask = 2147483647;
			files = (
			);
			runOnlyForDeploymentPostprocessing = 0;
		};
/* End PBXFrameworksBuildPhase section */

/* Begin PBXGroup section */
		EB534F05253CBA63006F1BF9 = {
			isa = PBXGroup;
			children = (
				EB534F10253CBA63006F1BF9 /* Rona Tracker */,
				EB534F0F253CBA63006F1BF9 /* Products */,
			);
			sourceTree = "<group>";
		};
		EB534F0F253CBA63006F1BF9 /* Products */ = {
			isa = PBXGroup;
			children = (
				EB534F0E253CBA63006F1BF9 /* Rona Tracker.app */,
			);
			name = Products;
			sourceTree = "<group>";
		};
		EB534F10253CBA63006F1BF9 /* Rona Tracker */ = {
			isa = PBXGroup;
			children = (
				EB534F11253CBA63006F1BF9 /* AppDelegate.swift */,
				EB534F13253CBA63006F1BF9 /* SceneDelegate.swift */,
				EB534F15253CBA63006F1BF9 /* ContentView.swift */,
				EB534F1A253CBA66006F1BF9 /* Assets.xcassets */,
				EB534F1F253CBA66006F1BF9 /* LaunchScreen.storyboard */,
				EB534F22253CBA66006F1BF9 /* Info.plist */,
				EB534F17253CBA63006F1BF9 /* Rona_Tracker.xcdatamodeld */,
				EB534F1C253CBA66006F1BF9 /* Preview Content */,
			);
			path = "Rona Tracker";
			sourceTree = "<group>";
		};
		EB534F1C253CBA66006F1BF9 /* Preview Content */ = {
			isa = PBXGroup;
			children = (
				EB534F1D253CBA66006F1BF9 /* Preview Assets.xcassets */,
			);
			path = "Preview Content";
			sourceTree = "<group>";
		};
/* End PBXGroup section */

/* Begin PBXNativeTarget section */
		EB534F0D253CBA63006F1BF9 /* Rona Tracker */ = {
			isa = PBXNativeTarget;
			buildConfigurationList = EB534F25253CBA66006F1BF9 /* Build configuration list for PBXNativeTarget "Rona Tracker" */;
			buildPhases = (
				EB534F0A253CBA63006F1BF9 /* Sources */,
				EB534F0B253CBA63006F1BF9 /* Frameworks */,
				EB534F0C253CBA63006F1BF9 /* Resources */,
			);
			buildRules = (
			);
			dependencies = (
			);
			name = "Rona Tracker";
			productName = "Rona Tracker";
			productReference = EB534F0E253CBA63006F1BF9 /* Rona Tracker.app */;
			productType = "com.apple.product-type.application";
		};
/* End PBXNativeTarget section */

/* Begin PBXProject section */
		EB534F06253CBA63006F1BF9 /* Project object */ = {
			isa = PBXProject;
			attributes = {
				LastSwiftUpdateCheck = 1200;
				LastUpgradeCheck = 1200;
				TargetAttributes = {
					EB534F0D253CBA63006F1BF9 = {
						CreatedOnToolsVersion = 12.0.1;
					};
				};
			};
			buildConfigurationList = EB534F09253CBA63006F1BF9 /* Build configuration list for PBXProject "Rona Tracker" */;
			compatibilityVersion = "Xcode 9.3";
			developmentRegion = en;
			hasScannedForEncodings = 0;
			knownRegions = (
				en,
				Base,
			);
			mainGroup = EB534F05253CBA63006F1BF9;
			productRefGroup = EB534F0F253CBA63006F1BF9 /* Products */;
			projectDirPath = "";
			projectRoot = "";
			targets = (
				EB534F0D253CBA63006F1BF9 /* Rona Tracker */,
			);
		};
/* End PBXProject section */

/* Begin PBXResourcesBuildPhase section */
		EB534F0C253CBA63006F1BF9 /* Resources */ = {
			isa = PBXResourcesBuildPhase;
			buildActionMask = 2147483647;
			files = (
				EB534F21253CBA66006F1BF9 /* LaunchScreen.storyboard in Resources */,
				EB534F1E253CBA66006F1BF9 /* Preview Assets.xcassets in Resources */,
				EB534F1B253CBA66006F1BF9 /* Assets.xcassets in Resources */,
			);
			runOnlyForDeploymentPostprocessing = 0;
		};
/* End PBXResourcesBuildPhase section */

/* Begin PBXSourcesBuildPhase section */
		EB534F0A253CBA63006F1BF9 /* Sources */ = {
			isa = PBXSourcesBuildPhase;
			buildActionMask = 2147483647;
			files = (
				EB534F19253CBA63006F1BF9 /* Rona_Tracker.xcdatamodeld in Sources */,
				EB534F12253CBA63006F1BF9 /* AppDelegate.swift in Sources */,
				EB534F14253CBA63006F1BF9 /* SceneDelegate.swift in Sources */,
				EB534F16253CBA63006F1BF9 /* ContentView.swift in Sources */,
			);
			runOnlyForDeploymentPostprocessing = 0;
		};
/* End PBXSourcesBuildPhase section */

/* Begin PBXVariantGroup section */
		EB534F1F253CBA66006F1BF9 /* LaunchScreen.storyboard */ = {
			isa = PBXVariantGroup;
			children = (
				EB534F20253CBA66006F1BF9 /* Base */,
			);
			name = LaunchScreen.storyboard;
			sourceTree = "<group>";
		};
/* End PBXVariantGroup section */

/* Begin XCBuildConfiguration section */
		EB534F23253CBA66006F1BF9 /* Debug */ = {
			isa = XCBuildConfiguration;
			buildSettings = {
				ALWAYS_SEARCH_USER_PATHS = NO;
				CLANG_ANALYZER_NONNULL = YES;
				CLANG_ANALYZER_NUMBER_OBJECT_CONVERSION = YES_AGGRESSIVE;
				CLANG_CXX_LANGUAGE_STANDARD = "gnu++14";
				CLANG_CXX_LIBRARY = "libc++";
				CLANG_ENABLE_MODULES = YES;
				CLANG_ENABLE_OBJC_ARC = YES;
				CLANG_ENABLE_OBJC_WEAK = YES;
				CLANG_WARN_BLOCK_CAPTURE_AUTORELEASING = YES;
				CLANG_WARN_BOOL_CONVERSION = YES;
				CLANG_WARN_COMMA = YES;
				CLANG_WARN_CONSTANT_CONVERSION = YES;
				CLANG_WARN_DEPRECATED_OBJC_IMPLEMENTATIONS = YES;
				CLANG_WARN_DIRECT_OBJC_ISA_USAGE = YES_ERROR;
				CLANG_WARN_DOCUMENTATION_COMMENTS = YES;
				CLANG_WARN_EMPTY_BODY = YES;
				CLANG_WARN_ENUM_CONVERSION = YES;
				CLANG_WARN_INFINITE_RECURSION = YES;
				CLANG_WARN_INT_CONVERSION = YES;
				CLANG_WARN_NON_LITERAL_NULL_CONVERSION = YES;
				CLANG_WARN_OBJC_IMPLICIT_RETAIN_SELF = YES;
				CLANG_WARN_OBJC_LITERAL_CONVERSION = YES;
				CLANG_WARN_OBJC_ROOT_CLASS = YES_ERROR;
				CLANG_WARN_QUOTED_INCLUDE_IN_FRAMEWORK_HEADER = YES;
				CLANG_WARN_RANGE_LOOP_ANALYSIS = YES;
				CLANG_WARN_STRICT_PROTOTYPES = YES;
				CLANG_WARN_SUSPICIOUS_MOVE = YES;
				CLANG_WARN_UNGUARDED_AVAILABILITY = YES_AGGRESSIVE;
				CLANG_WARN_UNREACHABLE_CODE = YES;
				CLANG_WARN__DUPLICATE_METHOD_MATCH = YES;
				COPY_PHASE_STRIP = NO;
				DEBUG_INFORMATION_FORMAT = dwarf;
				ENABLE_STRICT_OBJC_MSGSEND = YES;
				ENABLE_TESTABILITY = YES;
				GCC_C_LANGUAGE_STANDARD = gnu11;
				GCC_DYNAMIC_NO_PIC = NO;
				GCC_NO_COMMON_BLOCKS = YES;
				GCC_OPTIMIZATION_LEVEL = 0;
				GCC_PREPROCESSOR_DEFINITIONS = (
					"DEBUG=1",
					"$(inherited)",
				);
				GCC_WARN_64_TO_32_BIT_CONVERSION = YES;
				GCC_WARN_ABOUT_RETURN_TYPE = YES_ERROR;
				GCC_WARN_UNDECLARED_SELECTOR = YES;
				GCC_WARN_UNINITIALIZED_AUTOS = YES_AGGRESSIVE;
				GCC_WARN_UNUSED_FUNCTION = YES;
				GCC_WARN_UNUSED_VARIABLE = YES;
				IPHONEOS_DEPLOYMENT_TARGET = 14.0;
				MTL_ENABLE_DEBUG_INFO = INCLUDE_SOURCE;
				MTL_FAST_MATH = YES;
				ONLY_ACTIVE_ARCH = YES;
				SDKROOT = iphoneos;
				SWIFT_ACTIVE_COMPILATION_CONDITIONS = DEBUG;
				SWIFT_OPTIMIZATION_LEVEL = "-Onone";
			};
			name = Debug;
		};
		EB534F24253CBA66006F1BF9 /* Release */ = {
			isa = XCBuildConfiguration;
			buildSettings = {
				ALWAYS_SEARCH_USER_PATHS = NO;
				CLANG_ANALYZER_NONNULL = YES;
				CLANG_ANALYZER_NUMBER_OBJECT_CONVERSION = YES_AGGRESSIVE;
				CLANG_CXX_LANGUAGE_STANDARD = "gnu++14";
				CLANG_CXX_LIBRARY = "libc++";
				CLANG_ENABLE_MODULES = YES;
				CLANG_ENABLE_OBJC_ARC = YES;
				CLANG_ENABLE_OBJC_WEAK = YES;
				CLANG_WARN_BLOCK_CAPTURE_AUTORELEASING = YES;
				CLANG_WARN_BOOL_CONVERSION = YES;
				CLANG_WARN_COMMA = YES;
				CLANG_WARN_CONSTANT_CONVERSION = YES;
				CLANG_WARN_DEPRECATED_OBJC_IMPLEMENTATIONS = YES;
				CLANG_WARN_DIRECT_OBJC_ISA_USAGE = YES_ERROR;
				CLANG_WARN_DOCUMENTATION_COMMENTS = YES;
				CLANG_WARN_EMPTY_BODY = YES;
				CLANG_WARN_ENUM_CONVERSION = YES;
				CLANG_WARN_INFINITE_RECURSION = YES;
				CLANG_WARN_INT_CONVERSION = YES;
				CLANG_WARN_NON_LITERAL_NULL_CONVERSION = YES;
				CLANG_WARN_OBJC_IMPLICIT_RETAIN_SELF = YES;
				CLANG_WARN_OBJC_LITERAL_CONVERSION = YES;
				CLANG_WARN_OBJC_ROOT_CLASS = YES_ERROR;
				CLANG_WARN_QUOTED_INCLUDE_IN_FRAMEWORK_HEADER = YES;
				CLANG_WARN_RANGE_LOOP_ANALYSIS = YES;
				CLANG_WARN_STRICT_PROTOTYPES = YES;
				CLANG_WARN_SUSPICIOUS_MOVE = YES;
				CLANG_WARN_UNGUARDED_AVAILABILITY = YES_AGGRESSIVE;
				CLANG_WARN_UNREACHABLE_CODE = YES;
				CLANG_WARN__DUPLICATE_METHOD_MATCH = YES;
				COPY_PHASE_STRIP = NO;
				DEBUG_INFORMATION_FORMAT = "dwarf-with-dsym";
				ENABLE_NS_ASSERTIONS = NO;
				ENABLE_STRICT_OBJC_MSGSEND = YES;
				GCC_C_LANGUAGE_STANDARD = gnu11;
				GCC_NO_COMMON_BLOCKS = YES;
				GCC_WARN_64_TO_32_BIT_CONVERSION = YES;
				GCC_WARN_ABOUT_RETURN_TYPE = YES_ERROR;
				GCC_WARN_UNDECLARED_SELECTOR = YES;
				GCC_WARN_UNINITIALIZED_AUTOS = YES_AGGRESSIVE;
				GCC_WARN_UNUSED_FUNCTION = YES;
				GCC_WARN_UNUSED_VARIABLE = YES;
				IPHONEOS_DEPLOYMENT_TARGET = 14.0;
				MTL_ENABLE_DEBUG_INFO = NO;
				MTL_FAST_MATH = YES;
				SDKROOT = iphoneos;
				SWIFT_COMPILATION_MODE = wholemodule;
				SWIFT_OPTIMIZATION_LEVEL = "-O";
				VALIDATE_PRODUCT = YES;
			};
			name = Release;
		};
		EB534F26253CBA66006F1BF9 /* Debug */ = {
			isa = XCBuildConfiguration;
			buildSettings = {
				ASSETCATALOG_COMPILER_APPICON_NAME = AppIcon;
				ASSETCATALOG_COMPILER_GLOBAL_ACCENT_COLOR_NAME = AccentColor;
				CODE_SIGN_STYLE = Automatic;
				DEVELOPMENT_ASSET_PATHS = "\"Rona Tracker/Preview Content\"";
				DEVELOPMENT_TEAM = 6U5JSQ575B;
				ENABLE_PREVIEWS = YES;
				INFOPLIST_FILE = "Rona Tracker/Info.plist";
				LD_RUNPATH_SEARCH_PATHS = (
					"$(inherited)",
					"@executable_path/Frameworks",
				);
				PRODUCT_BUNDLE_IDENTIFIER = "com.meridberhe.Rona-Tracker";
				PRODUCT_NAME = "$(TARGET_NAME)";
				SWIFT_VERSION = 5.0;
				TARGETED_DEVICE_FAMILY = "1,2";
			};
			name = Debug;
		};
		EB534F27253CBA66006F1BF9 /* Release */ = {
			isa = XCBuildConfiguration;
			buildSettings = {
				ASSETCATALOG_COMPILER_APPICON_NAME = AppIcon;
				ASSETCATALOG_COMPILER_GLOBAL_ACCENT_COLOR_NAME = AccentColor;
				CODE_SIGN_STYLE = Automatic;
				DEVELOPMENT_ASSET_PATHS = "\"Rona Tracker/Preview Content\"";
				DEVELOPMENT_TEAM = 6U5JSQ575B;
				ENABLE_PREVIEWS = YES;
				INFOPLIST_FILE = "Rona Tracker/Info.plist";
				LD_RUNPATH_SEARCH_PATHS = (
					"$(inherited)",
					"@executable_path/Frameworks",
				);
				PRODUCT_BUNDLE_IDENTIFIER = "com.meridberhe.Rona-Tracker";
				PRODUCT_NAME = "$(TARGET_NAME)";
				SWIFT_VERSION = 5.0;
				TARGETED_DEVICE_FAMILY = "1,2";
			};
			name = Release;
		};
/* End XCBuildConfiguration section */

/* Begin XCConfigurationList section */
		EB534F09253CBA63006F1BF9 /* Build configuration list for PBXProject "Rona Tracker" */ = {
			isa = XCConfigurationList;
			buildConfigurations = (
				EB534F23253CBA66006F1BF9 /* Debug */,
				EB534F24253CBA66006F1BF9 /* Release */,
			);
			defaultConfigurationIsVisible = 0;
			defaultConfigurationName = Release;
		};
		EB534F25253CBA66006F1BF9 /* Build configuration list for PBXNativeTarget "Rona Tracker" */ = {
			isa = XCConfigurationList;
			buildConfigurations = (
				EB534F26253CBA66006F1BF9 /* Debug */,
				EB534F27253CBA66006F1BF9 /* Release */,
			);
			defaultConfigurationIsVisible = 0;
			defaultConfigurationName = Release;
		};
/* End XCConfigurationList section */

/* Begin XCVersionGroup section */
		EB534F17253CBA63006F1BF9 /* Rona_Tracker.xcdatamodeld */ = {
			isa = XCVersionGroup;
			children = (
				EB534F18253CBA63006F1BF9 /* Rona_Tracker.xcdatamodel */,
			);
			currentVersion = EB534F18253CBA63006F1BF9 /* Rona_Tracker.xcdatamodel */;
			path = Rona_Tracker.xcdatamodeld;
			sourceTree = "<group>";
			versionGroupType = wrapper.xcdatamodel;
		};
/* End XCVersionGroup section */
	};
	rootObject = EB534F06253CBA63006F1BF9 /* Project object */;
}
